
Microsoft Visual Studio Solution File, Format Version 12.00
# Visual Studio Version 17
VisualStudioVersion = 17.3.32929.385
MinimumVisualStudioVersion = 10.0.40219.1
Project("{FAE04EC0-301F-11D3-BF4B-00C04F79EFBC}") = "Visual SICXE", "Visual SICXE\Visual SICXE.csproj", "{30A18F5F-4475-46EB-9C3B-92E344449DA1}"
EndProject
Project("{FAE04EC0-301F-11D3-BF4B-00C04F79EFBC}") = "SICXE Common", "SICXE Common\SICXE Common.csproj", "{3184C8DB-9F61-419E-9372-27946317C28A}"
EndProject
Global
	GlobalSection(SolutionConfigurationPlatforms) = preSolution
		Debug|Any CPU = Debug|Any CPU
		Release|Any CPU = Release|Any CPU
	EndGlobalSection
	GlobalSection(ProjectConfigurationPlatforms) = postSolution
		{30A18F5F-4475-46EB-9C3B-92E344449DA1}.Debug|Any CPU.ActiveCfg = Debug|Any CPU
		{30A18F5F-4475-46EB-9C3B-92E344449DA1}.Debug|Any CPU.Build.0 = Debug|Any CPU
		{30A18F5F-4475-46EB-9C3B-92E344449DA1}.Release|Any CPU.ActiveCfg = Release|Any CPU
		{30A18F5F-4475-46EB-9C3B-92E344449DA1}.Release|Any CPU.Build.0 = Release|Any CPU
		{3184C8DB-9F61-419E-9372-27946317C28A}.Debug|Any CPU.ActiveCfg = Debug|Any CPU
		{3184C8DB-9F61-419E-9372-27946317C28A}.Debug|Any CPU.Build.0 = Debug|Any CPU
		{3184C8DB-9F61-419E-9372-27946317C28A}.Release|Any CPU.ActiveCfg = Release|Any CPU
		{3184C8DB-9F61-419E-9372-27946317C28A}.Release|Any CPU.Build.0 = Release|Any CPU
	EndGlobalSection
	GlobalSection(SolutionProperties) = preSolution
		HideSolutionNode = FALSE
	EndGlobalSection
	GlobalSection(ExtensibilityGlobals) = postSolution
		SolutionGuid = {5108AEBD-2DD7-44B5-ABF0-FDDCEFA0F492}
	EndGlobalSection
EndGlobal
